// !$*UTF8*$!
{
	archiveVersion = 1;
	classes = {
	};
	objectVersion = 46;
	objects = {

/* Begin PBXBuildFile section */
		6003427F1DF5B7E6001A5CA9 /* main.m in Sources */ = {isa = PBXBuildFile; fileRef = 6003427E1DF5B7E6001A5CA9 /* main.m */; };
		600342821DF5B7E6001A5CA9 /* AppDelegate.m in Sources */ = {isa = PBXBuildFile; fileRef = 600342811DF5B7E6001A5CA9 /* AppDelegate.m */; };
		600342851DF5B7E6001A5CA9 /* ViewController.m in Sources */ = {isa = PBXBuildFile; fileRef = 600342841DF5B7E6001A5CA9 /* ViewController.m */; };
		600342881DF5B7E6001A5CA9 /* Main.storyboard in Resources */ = {isa = PBXBuildFile; fileRef = 600342861DF5B7E6001A5CA9 /* Main.storyboard */; };
		6003428A1DF5B7E6001A5CA9 /* Assets.xcassets in Resources */ = {isa = PBXBuildFile; fileRef = 600342891DF5B7E6001A5CA9 /* Assets.xcassets */; };
		6003428D1DF5B7E6001A5CA9 /* LaunchScreen.storyboard in Resources */ = {isa = PBXBuildFile; fileRef = 6003428B1DF5B7E6001A5CA9 /* LaunchScreen.storyboard */; };
		600342A01DF5BA0E001A5CA9 /* Brazil.png in Resources */ = {isa = PBXBuildFile; fileRef = 600342941DF5BA0E001A5CA9 /* Brazil.png */; };
		600342A11DF5BA0E001A5CA9 /* France.png in Resources */ = {isa = PBXBuildFile; fileRef = 600342951DF5BA0E001A5CA9 /* France.png */; };
		600342A21DF5BA0E001A5CA9 /* German.png in Resources */ = {isa = PBXBuildFile; fileRef = 600342961DF5BA0E001A5CA9 /* German.png */; };
		600342A31DF5BA0E001A5CA9 /* Indonesia.png in Resources */ = {isa = PBXBuildFile; fileRef = 600342971DF5BA0E001A5CA9 /* Indonesia.png */; };
		600342A41DF5BA0E001A5CA9 /* Japan.png in Resources */ = {isa = PBXBuildFile; fileRef = 600342981DF5BA0E001A5CA9 /* Japan.png */; };
		600342A51DF5BA0E001A5CA9 /* Mexico.png in Resources */ = {isa = PBXBuildFile; fileRef = 600342991DF5BA0E001A5CA9 /* Mexico.png */; };
		600342A61DF5BA0E001A5CA9 /* Russia.png in Resources */ = {isa = PBXBuildFile; fileRef = 6003429A1DF5BA0E001A5CA9 /* Russia.png */; };
		600342A71DF5BA0E001A5CA9 /* Singapore.png in Resources */ = {isa = PBXBuildFile; fileRef = 6003429B1DF5BA0E001A5CA9 /* Singapore.png */; };
		600342A81DF5BA0E001A5CA9 /* Spain.png in Resources */ = {isa = PBXBuildFile; fileRef = 6003429C1DF5BA0E001A5CA9 /* Spain.png */; };
		600342AA1DF5BA0E001A5CA9 /* UnitedStates.png in Resources */ = {isa = PBXBuildFile; fileRef = 6003429E1DF5BA0E001A5CA9 /* UnitedStates.png */; };
		600342AB1DF5BA0E001A5CA9 /* Vietnam.png in Resources */ = {isa = PBXBuildFile; fileRef = 6003429F1DF5BA0E001A5CA9 /* Vietnam.png */; };
		600342AD1DF5BA31001A5CA9 /* data.plist in Resources */ = {isa = PBXBuildFile; fileRef = 600342AC1DF5BA31001A5CA9 /* data.plist */; };
		6005BA891DF7A928007A0627 /* ViewDetailController.m in Sources */ = {isa = PBXBuildFile; fileRef = 6005BA881DF7A928007A0627 /* ViewDetailController.m */; };
/* End PBXBuildFile section */

/* Begin PBXFileReference section */
		6003427A1DF5B7E6001A5CA9 /* iTableMultiSection.app */ = {isa = PBXFileReference; explicitFileType = wrapper.application; includeInIndex = 0; path = iTableMultiSection.app; sourceTree = BUILT_PRODUCTS_DIR; };
		6003427E1DF5B7E6001A5CA9 /* main.m */ = {isa = PBXFileReference; lastKnownFileType = sourcecode.c.objc; path = main.m; sourceTree = "<group>"; };
		600342801DF5B7E6001A5CA9 /* AppDelegate.h */ = {isa = PBXFileReference; lastKnownFileType = sourcecode.c.h; path = AppDelegate.h; sourceTree = "<group>"; };
		600342811DF5B7E6001A5CA9 /* AppDelegate.m */ = {isa = PBXFileReference; lastKnownFileType = sourcecode.c.objc; path = AppDelegate.m; sourceTree = "<group>"; };
		600342831DF5B7E6001A5CA9 /* ViewController.h */ = {isa = PBXFileReference; lastKnownFileType = sourcecode.c.h; path = ViewController.h; sourceTree = "<group>"; };
		600342841DF5B7E6001A5CA9 /* ViewController.m */ = {isa = PBXFileReference; lastKnownFileType = sourcecode.c.objc; path = ViewController.m; sourceTree = "<group>"; };
		600342871DF5B7E6001A5CA9 /* Base */ = {isa = PBXFileReference; lastKnownFileType = file.storyboard; name = Base; path = Base.lproj/Main.storyboard; sourceTree = "<group>"; };
		600342891DF5B7E6001A5CA9 /* Assets.xcassets */ = {isa = PBXFileReference; lastKnownFileType = folder.assetcatalog; path = Assets.xcassets; sourceTree = "<group>"; };
		6003428C1DF5B7E6001A5CA9 /* Base */ = {isa = PBXFileReference; lastKnownFileType = file.storyboard; name = Base; path = Base.lproj/LaunchScreen.storyboard; sourceTree = "<group>"; };
		6003428E1DF5B7E6001A5CA9 /* Info.plist */ = {isa = PBXFileReference; lastKnownFileType = text.plist.xml; path = Info.plist; sourceTree = "<group>"; };
		600342941DF5BA0E001A5CA9 /* Brazil.png */ = {isa = PBXFileReference; lastKnownFileType = image.png; path = Brazil.png; sourceTree = "<group>"; };
		600342951DF5BA0E001A5CA9 /* France.png */ = {isa = PBXFileReference; lastKnownFileType = image.png; path = France.png; sourceTree = "<group>"; };
		600342961DF5BA0E001A5CA9 /* German.png */ = {isa = PBXFileReference; lastKnownFileType = image.png; path = German.png; sourceTree = "<group>"; };
		600342971DF5BA0E001A5CA9 /* Indonesia.png */ = {isa = PBXFileReference; lastKnownFileType = image.png; path = Indonesia.png; sourceTree = "<group>"; };
		600342981DF5BA0E001A5CA9 /* Japan.png */ = {isa = PBXFileReference; lastKnownFileType = image.png; path = Japan.png; sourceTree = "<group>"; };
		600342991DF5BA0E001A5CA9 /* Mexico.png */ = {isa = PBXFileReference; lastKnownFileType = image.png; path = Mexico.png; sourceTree = "<group>"; };
		6003429A1DF5BA0E001A5CA9 /* Russia.png */ = {isa = PBXFileReference; lastKnownFileType = image.png; path = Russia.png; sourceTree = "<group>"; };
		6003429B1DF5BA0E001A5CA9 /* Singapore.png */ = {isa = PBXFileReference; lastKnownFileType = image.png; path = Singapore.png; sourceTree = "<group>"; };
		6003429C1DF5BA0E001A5CA9 /* Spain.png */ = {isa = PBXFileReference; lastKnownFileType = image.png; path = Spain.png; sourceTree = "<group>"; };
		6003429E1DF5BA0E001A5CA9 /* UnitedStates.png */ = {isa = PBXFileReference; lastKnownFileType = image.png; path = UnitedStates.png; sourceTree = "<group>"; };
		6003429F1DF5BA0E001A5CA9 /* Vietnam.png */ = {isa = PBXFileReference; lastKnownFileType = image.png; path = Vietnam.png; sourceTree = "<group>"; };
		600342AC1DF5BA31001A5CA9 /* data.plist */ = {isa = PBXFileReference; fileEncoding = 4; lastKnownFileType = text.plist.xml; path = data.plist; sourceTree = "<group>"; };
		6005BA871DF7A928007A0627 /* ViewDetailController.h */ = {isa = PBXFileReference; fileEncoding = 4; lastKnownFileType = sourcecode.c.h; path = ViewDetailController.h; sourceTree = "<group>"; };
		6005BA881DF7A928007A0627 /* ViewDetailController.m */ = {isa = PBXFileReference; fileEncoding = 4; lastKnownFileType = sourcecode.c.objc; path = ViewDetailController.m; sourceTree = "<group>"; };
/* End PBXFileReference section */

/* Begin PBXFrameworksBuildPhase section */
		600342771DF5B7E4001A5CA9 /* Frameworks */ = {
			isa = PBXFrameworksBuildPhase;
			buildActionMask = 2147483647;
			files = (
			);
			runOnlyForDeploymentPostprocessing = 0;
		};
/* End PBXFrameworksBuildPhase section */

/* Begin PBXGroup section */
		600342711DF5B7E4001A5CA9 = {
			isa = PBXGroup;
			children = (
				6003427C1DF5B7E6001A5CA9 /* iTableMultiSection */,
				6003427B1DF5B7E6001A5CA9 /* Products */,
			);
			sourceTree = "<group>";
		};
		6003427B1DF5B7E6001A5CA9 /* Products */ = {
			isa = PBXGroup;
			children = (
				6003427A1DF5B7E6001A5CA9 /* iTableMultiSection.app */,
			);
			name = Products;
			sourceTree = "<group>";
		};
		6003427C1DF5B7E6001A5CA9 /* iTableMultiSection */ = {
			isa = PBXGroup;
			children = (
				6005BA871DF7A928007A0627 /* ViewDetailController.h */,
				6005BA881DF7A928007A0627 /* ViewDetailController.m */,
				600342AE1DF5BC13001A5CA9 /* photos */,
				600342801DF5B7E6001A5CA9 /* AppDelegate.h */,
				600342811DF5B7E6001A5CA9 /* AppDelegate.m */,
				600342831DF5B7E6001A5CA9 /* ViewController.h */,
				600342841DF5B7E6001A5CA9 /* ViewController.m */,
				600342861DF5B7E6001A5CA9 /* Main.storyboard */,
				600342891DF5B7E6001A5CA9 /* Assets.xcassets */,
				6003428B1DF5B7E6001A5CA9 /* LaunchScreen.storyboard */,
				6003428E1DF5B7E6001A5CA9 /* Info.plist */,
				6003427D1DF5B7E6001A5CA9 /* Supporting Files */,
				600342AC1DF5BA31001A5CA9 /* data.plist */,
			);
			path = iTableMultiSection;
			sourceTree = "<group>";
		};
		6003427D1DF5B7E6001A5CA9 /* Supporting Files */ = {
			isa = PBXGroup;
			children = (
				6003427E1DF5B7E6001A5CA9 /* main.m */,
			);
			name = "Supporting Files";
			sourceTree = "<group>";
		};
		600342AE1DF5BC13001A5CA9 /* photos */ = {
			isa = PBXGroup;
			children = (
				600342941DF5BA0E001A5CA9 /* Brazil.png */,
				600342951DF5BA0E001A5CA9 /* France.png */,
				600342961DF5BA0E001A5CA9 /* German.png */,
				600342971DF5BA0E001A5CA9 /* Indonesia.png */,
				600342981DF5BA0E001A5CA9 /* Japan.png */,
				600342991DF5BA0E001A5CA9 /* Mexico.png */,
				6003429A1DF5BA0E001A5CA9 /* Russia.png */,
				6003429B1DF5BA0E001A5CA9 /* Singapore.png */,
				6003429C1DF5BA0E001A5CA9 /* Spain.png */,
				6003429E1DF5BA0E001A5CA9 /* UnitedStates.png */,
				6003429F1DF5BA0E001A5CA9 /* Vietnam.png */,
			);
			name = photos;
			sourceTree = "<group>";
		};
/* End PBXGroup section */

/* Begin PBXNativeTarget section */
		600342791DF5B7E4001A5CA9 /* iTableMultiSection */ = {
			isa = PBXNativeTarget;
			buildConfigurationList = 600342911DF5B7E6001A5CA9 /* Build configuration list for PBXNativeTarget "iTableMultiSection" */;
			buildPhases = (
				600342761DF5B7E4001A5CA9 /* Sources */,
				600342771DF5B7E4001A5CA9 /* Frameworks */,
				600342781DF5B7E4001A5CA9 /* Resources */,
			);
			buildRules = (
			);
			dependencies = (
			);
			name = iTableMultiSection;
			productName = iTableMultiSection;
			productReference = 6003427A1DF5B7E6001A5CA9 /* iTableMultiSection.app */;
			productType = "com.apple.product-type.application";
		};
/* End PBXNativeTarget section */

/* Begin PBXProject section */
		600342721DF5B7E4001A5CA9 /* Project object */ = {
			isa = PBXProject;
			attributes = {
				LastUpgradeCheck = 0810;
				ORGANIZATIONNAME = "Bui Duc Khanh";
				TargetAttributes = {
					600342791DF5B7E4001A5CA9 = {
						CreatedOnToolsVersion = 8.1;
						ProvisioningStyle = Automatic;
					};
				};
			};
			buildConfigurationList = 600342751DF5B7E4001A5CA9 /* Build configuration list for PBXProject "iTableMultiSection" */;
			compatibilityVersion = "Xcode 3.2";
			developmentRegion = English;
			hasScannedForEncodings = 0;
			knownRegions = (
				en,
				Base,
			);
			mainGroup = 600342711DF5B7E4001A5CA9;
			productRefGroup = 6003427B1DF5B7E6001A5CA9 /* Products */;
			projectDirPath = "";
			projectRoot = "";
			targets = (
				600342791DF5B7E4001A5CA9 /* iTableMultiSection */,
			);
		};
/* End PBXProject section */

/* Begin PBXResourcesBuildPhase section */
		600342781DF5B7E4001A5CA9 /* Resources */ = {
			isa = PBXResourcesBuildPhase;
			buildActionMask = 2147483647;
			files = (
				600342A61DF5BA0E001A5CA9 /* Russia.png in Resources */,
				6003428D1DF5B7E6001A5CA9 /* LaunchScreen.storyboard in Resources */,
				600342A31DF5BA0E001A5CA9 /* Indonesia.png in Resources */,
				600342A21DF5BA0E001A5CA9 /* German.png in Resources */,
				600342AA1DF5BA0E001A5CA9 /* UnitedStates.png in Resources */,
				600342AB1DF5BA0E001A5CA9 /* Vietnam.png in Resources */,
				600342A51DF5BA0E001A5CA9 /* Mexico.png in Resources */,
				600342A01DF5BA0E001A5CA9 /* Brazil.png in Resources */,
				6003428A1DF5B7E6001A5CA9 /* Assets.xcassets in Resources */,
				600342881DF5B7E6001A5CA9 /* Main.storyboard in Resources */,
				600342A41DF5BA0E001A5CA9 /* Japan.png in Resources */,
				600342A11DF5BA0E001A5CA9 /* France.png in Resources */,
				600342A71DF5BA0E001A5CA9 /* Singapore.png in Resources */,
				600342AD1DF5BA31001A5CA9 /* data.plist in Resources */,
				600342A81DF5BA0E001A5CA9 /* Spain.png in Resources */,
			);
			runOnlyForDeploymentPostprocessing = 0;
		};
/* End PBXResourcesBuildPhase section */

/* Begin PBXSourcesBuildPhase section */
		600342761DF5B7E4001A5CA9 /* Sources */ = {
			isa = PBXSourcesBuildPhase;
			buildActionMask = 2147483647;
			files = (
				600342851DF5B7E6001A5CA9 /* ViewController.m in Sources */,
				600342821DF5B7E6001A5CA9 /* AppDelegate.m in Sources */,
				6003427F1DF5B7E6001A5CA9 /* main.m in Sources */,
				6005BA891DF7A928007A0627 /* ViewDetailController.m in Sources */,
			);
			runOnlyForDeploymentPostprocessing = 0;
		};
/* End PBXSourcesBuildPhase section */

/* Begin PBXVariantGroup section */
		600342861DF5B7E6001A5CA9 /* Main.storyboard */ = {
			isa = PBXVariantGroup;
			children = (
				600342871DF5B7E6001A5CA9 /* Base */,
			);
			name = Main.storyboard;
			sourceTree = "<group>";
		};
		6003428B1DF5B7E6001A5CA9 /* LaunchScreen.storyboard */ = {
			isa = PBXVariantGroup;
			children = (
				6003428C1DF5B7E6001A5CA9 /* Base */,
			);
			name = LaunchScreen.storyboard;
			sourceTree = "<group>";
		};
/* End PBXVariantGroup section */

/* Begin XCBuildConfiguration section */
		6003428F1DF5B7E6001A5CA9 /* Debug */ = {
			isa = XCBuildConfiguration;
			buildSettings = {
				ALWAYS_SEARCH_USER_PATHS = NO;
				CLANG_ANALYZER_NONNULL = YES;
				CLANG_CXX_LANGUAGE_STANDARD = "gnu++0x";
				CLANG_CXX_LIBRARY = "libc++";
				CLANG_ENABLE_MODULES = YES;
				CLANG_ENABLE_OBJC_ARC = YES;
				CLANG_WARN_BOOL_CONVERSION = YES;
				CLANG_WARN_CONSTANT_CONVERSION = YES;
				CLANG_WARN_DIRECT_OBJC_ISA_USAGE = YES_ERROR;
				CLANG_WARN_DOCUMENTATION_COMMENTS = YES;
				CLANG_WARN_EMPTY_BODY = YES;
				CLANG_WARN_ENUM_CONVERSION = YES;
				CLANG_WARN_INFINITE_RECURSION = YES;
				CLANG_WARN_INT_CONVERSION = YES;
				CLANG_WARN_OBJC_ROOT_CLASS = YES_ERROR;
				CLANG_WARN_SUSPICIOUS_MOVES = YES;
				CLANG_WARN_UNREACHABLE_CODE = YES;
				CLANG_WARN__DUPLICATE_METHOD_MATCH = YES;
				"CODE_SIGN_IDENTITY[sdk=iphoneos*]" = "iPhone Developer";
				COPY_PHASE_STRIP = NO;
				DEBUG_INFORMATION_FORMAT = dwarf;
				ENABLE_STRICT_OBJC_MSGSEND = YES;
				ENABLE_TESTABILITY = YES;
				GCC_C_LANGUAGE_STANDARD = gnu99;
				GCC_DYNAMIC_NO_PIC = NO;
				GCC_NO_COMMON_BLOCKS = YES;
				GCC_OPTIMIZATION_LEVEL = 0;
				GCC_PREPROCESSOR_DEFINITIONS = (
					"DEBUG=1",
					"$(inherited)",
				);
				GCC_WARN_64_TO_32_BIT_CONVERSION = YES;
				GCC_WARN_ABOUT_RETURN_TYPE = YES_ERROR;
				GCC_WARN_UNDECLARED_SELECTOR = YES;
				GCC_WARN_UNINITIALIZED_AUTOS = YES_AGGRESSIVE;
				GCC_WARN_UNUSED_FUNCTION = YES;
				GCC_WARN_UNUSED_VARIABLE = YES;
				IPHONEOS_DEPLOYMENT_TARGET = 10.1;
				MTL_ENABLE_DEBUG_INFO = YES;
				ONLY_ACTIVE_ARCH = YES;
				SDKROOT = iphoneos;
			};
			name = Debug;
		};
		600342901DF5B7E6001A5CA9 /* Release */ = {
			isa = XCBuildConfiguration;
			buildSettings = {
				ALWAYS_SEARCH_USER_PATHS = NO;
				CLANG_ANALYZER_NONNULL = YES;
				CLANG_CXX_LANGUAGE_STANDARD = "gnu++0x";
				CLANG_CXX_LIBRARY = "libc++";
				CLANG_ENABLE_MODULES = YES;
				CLANG_ENABLE_OBJC_ARC = YES;
				CLANG_WARN_BOOL_CONVERSION = YES;
				CLANG_WARN_CONSTANT_CONVERSION = YES;
				CLANG_WARN_DIRECT_OBJC_ISA_USAGE = YES_ERROR;
				CLANG_WARN_DOCUMENTATION_COMMENTS = YES;
				CLANG_WARN_EMPTY_BODY = YES;
				CLANG_WARN_ENUM_CONVERSION = YES;
				CLANG_WARN_INFINITE_RECURSION = YES;
				CLANG_WARN_INT_CONVERSION = YES;
				CLANG_WARN_OBJC_ROOT_CLASS = YES_ERROR;
				CLANG_WARN_SUSPICIOUS_MOVES = YES;
				CLANG_WARN_UNREACHABLE_CODE = YES;
				CLANG_WARN__DUPLICATE_METHOD_MATCH = YES;
				"CODE_SIGN_IDENTITY[sdk=iphoneos*]" = "iPhone Developer";
				COPY_PHASE_STRIP = NO;
				DEBUG_INFORMATION_FORMAT = "dwarf-with-dsym";
				ENABLE_NS_ASSERTIONS = NO;
				ENABLE_STRICT_OBJC_MSGSEND = YES;
				GCC_C_LANGUAGE_STANDARD = gnu99;
				GCC_NO_COMMON_BLOCKS = YES;
				GCC_WARN_64_TO_32_BIT_CONVERSION = YES;
				GCC_WARN_ABOUT_RETURN_TYPE = YES_ERROR;
				GCC_WARN_UNDECLARED_SELECTOR = YES;
				GCC_WARN_UNINITIALIZED_AUTOS = YES_AGGRESSIVE;
				GCC_WARN_UNUSED_FUNCTION = YES;
				GCC_WARN_UNUSED_VARIABLE = YES;
				IPHONEOS_DEPLOYMENT_TARGET = 10.1;
				MTL_ENABLE_DEBUG_INFO = NO;
				SDKROOT = iphoneos;
				VALIDATE_PRODUCT = YES;
			};
			name = Release;
		};
		600342921DF5B7E6001A5CA9 /* Debug */ = {
			isa = XCBuildConfiguration;
			buildSettings = {
				ASSETCATALOG_COMPILER_APPICON_NAME = AppIcon;
				INFOPLIST_FILE = iTableMultiSection/Info.plist;
				LD_RUNPATH_SEARCH_PATHS = "$(inherited) @executable_path/Frameworks";
				PRODUCT_BUNDLE_IDENTIFIER = vn.khanhbd.iTableMultiSection;
				PRODUCT_NAME = "$(TARGET_NAME)";
			};
			name = Debug;
		};
		600342931DF5B7E6001A5CA9 /* Release */ = {
			isa = XCBuildConfiguration;
			buildSettings = {
				ASSETCATALOG_COMPILER_APPICON_NAME = AppIcon;
				INFOPLIST_FILE = iTableMultiSection/Info.plist;
				LD_RUNPATH_SEARCH_PATHS = "$(inherited) @executable_path/Frameworks";
				PRODUCT_BUNDLE_IDENTIFIER = vn.khanhbd.iTableMultiSection;
				PRODUCT_NAME = "$(TARGET_NAME)";
			};
			name = Release;
		};
/* End XCBuildConfiguration section */

/* Begin XCConfigurationList section */
		600342751DF5B7E4001A5CA9 /* Build configuration list for PBXProject "iTableMultiSection" */ = {
			isa = XCConfigurationList;
			buildConfigurations = (
				6003428F1DF5B7E6001A5CA9 /* Debug */,
				600342901DF5B7E6001A5CA9 /* Release */,
			);
			defaultConfigurationIsVisible = 0;
			defaultConfigurationName = Release;
		};
		600342911DF5B7E6001A5CA9 /* Build configuration list for PBXNativeTarget "iTableMultiSection" */ = {
			isa = XCConfigurationList;
			buildConfigurations = (
				600342921DF5B7E6001A5CA9 /* Debug */,
				600342931DF5B7E6001A5CA9 /* Release */,
			);
			defaultConfigurationIsVisible = 0;
			defaultConfigurationName = Release;
		};
/* End XCConfigurationList section */
	};
	rootObject = 600342721DF5B7E4001A5CA9 /* Project object */;
}
